
Microsoft Visual Studio Solution File, Format Version 12.00
# Visual Studio Version 16
VisualStudioVersion = 16.0.30804.86
MinimumVisualStudioVersion = 10.0.40219.1
Project("{FAE04EC0-301F-11D3-BF4B-00C04F79EFBC}") = "SayiBulmaV2", "SayiBulmaV2\SayiBulmaV2.csproj", "{A69DF3B6-DCE3-42D8-88F7-8EEF48C20E6A}"
EndProject
Global
	GlobalSection(SolutionConfigurationPlatforms) = preSolution
		Debug|Any CPU = Debug|Any CPU
		Release|Any CPU = Release|Any CPU
	EndGlobalSection
	GlobalSection(ProjectConfigurationPlatforms) = postSolution
		{A69DF3B6-DCE3-42D8-88F7-8EEF48C20E6A}.Debug|Any CPU.ActiveCfg = Debug|Any CPU
		{A69DF3B6-DCE3-42D8-88F7-8EEF48C20E6A}.Debug|Any CPU.Build.0 = Debug|Any CPU
		{A69DF3B6-DCE3-42D8-88F7-8EEF48C20E6A}.Release|Any CPU.ActiveCfg = Release|Any CPU
		{A69DF3B6-DCE3-42D8-88F7-8EEF48C20E6A}.Release|Any CPU.Build.0 = Release|Any CPU
	EndGlobalSection
	GlobalSection(SolutionProperties) = preSolution
		HideSolutionNode = FALSE
	EndGlobalSection
	GlobalSection(ExtensibilityGlobals) = postSolution
		SolutionGuid = {53B1CDAB-2112-4FA7-BAC2-CC705AA9D6DF}
	EndGlobalSection
EndGlobal
